
Microsoft Visual Studio Solution File, Format Version 12.00
# Visual Studio Version 17
VisualStudioVersion = 17.1.32210.238
MinimumVisualStudioVersion = 10.0.40219.1
Project("{FAE04EC0-301F-11D3-BF4B-00C04F79EFBC}") = "ovning3.2", "ovning3.2.csproj", "{158B9A16-253A-47BA-B188-029B43EFA6C2}"
EndProject
Global
	GlobalSection(SolutionConfigurationPlatforms) = preSolution
		Debug|Any CPU = Debug|Any CPU
		Release|Any CPU = Release|Any CPU
	EndGlobalSection
	GlobalSection(ProjectConfigurationPlatforms) = postSolution
		{158B9A16-253A-47BA-B188-029B43EFA6C2}.Debug|Any CPU.ActiveCfg = Debug|Any CPU
		{158B9A16-253A-47BA-B188-029B43EFA6C2}.Debug|Any CPU.Build.0 = Debug|Any CPU
		{158B9A16-253A-47BA-B188-029B43EFA6C2}.Release|Any CPU.ActiveCfg = Release|Any CPU
		{158B9A16-253A-47BA-B188-029B43EFA6C2}.Release|Any CPU.Build.0 = Release|Any CPU
	EndGlobalSection
	GlobalSection(SolutionProperties) = preSolution
		HideSolutionNode = FALSE
	EndGlobalSection
	GlobalSection(ExtensibilityGlobals) = postSolution
		SolutionGuid = {FD1742DB-F745-4898-BA0F-6671709FD051}
	EndGlobalSection
EndGlobal
